
Microsoft Visual Studio Solution File, Format Version 12.00
# Visual Studio Version 16
VisualStudioVersion = 16.0.29905.134
MinimumVisualStudioVersion = 10.0.40219.1
Project("{9A19103F-16F7-4668-BE54-9A1E7A4F7556}") = "Data", "Data\Data.csproj", "{8F33FBFB-2036-4847-A507-F78ED2DE8849}"
EndProject
Project("{FAE04EC0-301F-11D3-BF4B-00C04F79EFBC}") = "DataAccess", "DataAccess\DataAccess.csproj", "{5962EF35-7F25-4902-8A05-5F4F65BAB081}"
EndProject
Global
	GlobalSection(SolutionConfigurationPlatforms) = preSolution
		Debug|Any CPU = Debug|Any CPU
		Release|Any CPU = Release|Any CPU
	EndGlobalSection
	GlobalSection(ProjectConfigurationPlatforms) = postSolution
		{8F33FBFB-2036-4847-A507-F78ED2DE8849}.Debug|Any CPU.ActiveCfg = Debug|Any CPU
		{8F33FBFB-2036-4847-A507-F78ED2DE8849}.Debug|Any CPU.Build.0 = Debug|Any CPU
		{8F33FBFB-2036-4847-A507-F78ED2DE8849}.Release|Any CPU.ActiveCfg = Release|Any CPU
		{8F33FBFB-2036-4847-A507-F78ED2DE8849}.Release|Any CPU.Build.0 = Release|Any CPU
		{5962EF35-7F25-4902-8A05-5F4F65BAB081}.Debug|Any CPU.ActiveCfg = Debug|Any CPU
		{5962EF35-7F25-4902-8A05-5F4F65BAB081}.Debug|Any CPU.Build.0 = Debug|Any CPU
		{5962EF35-7F25-4902-8A05-5F4F65BAB081}.Release|Any CPU.ActiveCfg = Release|Any CPU
		{5962EF35-7F25-4902-8A05-5F4F65BAB081}.Release|Any CPU.Build.0 = Release|Any CPU
	EndGlobalSection
	GlobalSection(SolutionProperties) = preSolution
		HideSolutionNode = FALSE
	EndGlobalSection
	GlobalSection(ExtensibilityGlobals) = postSolution
		SolutionGuid = {D3B20A54-1251-4DBE-B77A-400C0F27E162}
	EndGlobalSection
EndGlobal
